// !$*UTF8*$!
{
	archiveVersion = 1;
	classes = {
	};
	objectVersion = 46;
	objects = {

/* Begin PBXBuildFile section */
		E556A7C91B55F89A007CFCF5 /* main.m in Sources */ = {isa = PBXBuildFile; fileRef = E556A7C81B55F89A007CFCF5 /* main.m */; };
		E556A7CC1B55F89A007CFCF5 /* AppDelegate.m in Sources */ = {isa = PBXBuildFile; fileRef = E556A7CB1B55F89A007CFCF5 /* AppDelegate.m */; };
		E556A7CF1B55F89A007CFCF5 /* ViewController.m in Sources */ = {isa = PBXBuildFile; fileRef = E556A7CE1B55F89A007CFCF5 /* ViewController.m */; };
		E556A7D21B55F89A007CFCF5 /* Main.storyboard in Resources */ = {isa = PBXBuildFile; fileRef = E556A7D01B55F89A007CFCF5 /* Main.storyboard */; };
		E556A7D41B55F89A007CFCF5 /* Images.xcassets in Resources */ = {isa = PBXBuildFile; fileRef = E556A7D31B55F89A007CFCF5 /* Images.xcassets */; };
		E556A7D71B55F89A007CFCF5 /* LaunchScreen.xib in Resources */ = {isa = PBXBuildFile; fileRef = E556A7D51B55F89A007CFCF5 /* LaunchScreen.xib */; };
		E556A7E31B55F89A007CFCF5 /* DeepBreathingTests.m in Sources */ = {isa = PBXBuildFile; fileRef = E556A7E21B55F89A007CFCF5 /* DeepBreathingTests.m */; };
/* End PBXBuildFile section */

/* Begin PBXContainerItemProxy section */
		E556A7DD1B55F89A007CFCF5 /* PBXContainerItemProxy */ = {
			isa = PBXContainerItemProxy;
			containerPortal = E556A7BB1B55F89A007CFCF5 /* Project object */;
			proxyType = 1;
			remoteGlobalIDString = E556A7C21B55F89A007CFCF5;
			remoteInfo = DeepBreathing;
		};
/* End PBXContainerItemProxy section */

/* Begin PBXFileReference section */
		E556A7C31B55F89A007CFCF5 /* DeepBreathing.app */ = {isa = PBXFileReference; explicitFileType = wrapper.application; includeInIndex = 0; path = DeepBreathing.app; sourceTree = BUILT_PRODUCTS_DIR; };
		E556A7C71B55F89A007CFCF5 /* Info.plist */ = {isa = PBXFileReference; lastKnownFileType = text.plist.xml; path = Info.plist; sourceTree = "<group>"; };
		E556A7C81B55F89A007CFCF5 /* main.m */ = {isa = PBXFileReference; lastKnownFileType = sourcecode.c.objc; path = main.m; sourceTree = "<group>"; };
		E556A7CA1B55F89A007CFCF5 /* AppDelegate.h */ = {isa = PBXFileReference; lastKnownFileType = sourcecode.c.h; path = AppDelegate.h; sourceTree = "<group>"; };
		E556A7CB1B55F89A007CFCF5 /* AppDelegate.m */ = {isa = PBXFileReference; lastKnownFileType = sourcecode.c.objc; path = AppDelegate.m; sourceTree = "<group>"; };
		E556A7CD1B55F89A007CFCF5 /* ViewController.h */ = {isa = PBXFileReference; lastKnownFileType = sourcecode.c.h; path = ViewController.h; sourceTree = "<group>"; };
		E556A7CE1B55F89A007CFCF5 /* ViewController.m */ = {isa = PBXFileReference; lastKnownFileType = sourcecode.c.objc; path = ViewController.m; sourceTree = "<group>"; };
		E556A7D11B55F89A007CFCF5 /* Base */ = {isa = PBXFileReference; lastKnownFileType = file.storyboard; name = Base; path = Base.lproj/Main.storyboard; sourceTree = "<group>"; };
		E556A7D31B55F89A007CFCF5 /* Images.xcassets */ = {isa = PBXFileReference; lastKnownFileType = folder.assetcatalog; path = Images.xcassets; sourceTree = "<group>"; };
		E556A7D61B55F89A007CFCF5 /* Base */ = {isa = PBXFileReference; lastKnownFileType = file.xib; name = Base; path = Base.lproj/LaunchScreen.xib; sourceTree = "<group>"; };
		E556A7DC1B55F89A007CFCF5 /* DeepBreathingTests.xctest */ = {isa = PBXFileReference; explicitFileType = wrapper.cfbundle; includeInIndex = 0; path = DeepBreathingTests.xctest; sourceTree = BUILT_PRODUCTS_DIR; };
		E556A7E11B55F89A007CFCF5 /* Info.plist */ = {isa = PBXFileReference; lastKnownFileType = text.plist.xml; path = Info.plist; sourceTree = "<group>"; };
		E556A7E21B55F89A007CFCF5 /* DeepBreathingTests.m */ = {isa = PBXFileReference; lastKnownFileType = sourcecode.c.objc; path = DeepBreathingTests.m; sourceTree = "<group>"; };
/* End PBXFileReference section */

/* Begin PBXFrameworksBuildPhase section */
		E556A7C01B55F89A007CFCF5 /* Frameworks */ = {
			isa = PBXFrameworksBuildPhase;
			buildActionMask = 2147483647;
			files = (
			);
			runOnlyForDeploymentPostprocessing = 0;
		};
		E556A7D91B55F89A007CFCF5 /* Frameworks */ = {
			isa = PBXFrameworksBuildPhase;
			buildActionMask = 2147483647;
			files = (
			);
			runOnlyForDeploymentPostprocessing = 0;
		};
/* End PBXFrameworksBuildPhase section */

/* Begin PBXGroup section */
		E556A7BA1B55F89A007CFCF5 = {
			isa = PBXGroup;
			children = (
				E556A7C51B55F89A007CFCF5 /* DeepBreathing */,
				E556A7DF1B55F89A007CFCF5 /* DeepBreathingTests */,
				E556A7C41B55F89A007CFCF5 /* Products */,
			);
			sourceTree = "<group>";
		};
		E556A7C41B55F89A007CFCF5 /* Products */ = {
			isa = PBXGroup;
			children = (
				E556A7C31B55F89A007CFCF5 /* DeepBreathing.app */,
				E556A7DC1B55F89A007CFCF5 /* DeepBreathingTests.xctest */,
			);
			name = Products;
			sourceTree = "<group>";
		};
		E556A7C51B55F89A007CFCF5 /* DeepBreathing */ = {
			isa = PBXGroup;
			children = (
				E556A7CA1B55F89A007CFCF5 /* AppDelegate.h */,
				E556A7CB1B55F89A007CFCF5 /* AppDelegate.m */,
				E556A7CD1B55F89A007CFCF5 /* ViewController.h */,
				E556A7CE1B55F89A007CFCF5 /* ViewController.m */,
				E556A7D01B55F89A007CFCF5 /* Main.storyboard */,
				E556A7D31B55F89A007CFCF5 /* Images.xcassets */,
				E556A7D51B55F89A007CFCF5 /* LaunchScreen.xib */,
				E556A7C61B55F89A007CFCF5 /* Supporting Files */,
			);
			path = DeepBreathing;
			sourceTree = "<group>";
		};
		E556A7C61B55F89A007CFCF5 /* Supporting Files */ = {
			isa = PBXGroup;
			children = (
				E556A7C71B55F89A007CFCF5 /* Info.plist */,
				E556A7C81B55F89A007CFCF5 /* main.m */,
			);
			name = "Supporting Files";
			sourceTree = "<group>";
		};
		E556A7DF1B55F89A007CFCF5 /* DeepBreathingTests */ = {
			isa = PBXGroup;
			children = (
				E556A7E21B55F89A007CFCF5 /* DeepBreathingTests.m */,
				E556A7E01B55F89A007CFCF5 /* Supporting Files */,
			);
			path = DeepBreathingTests;
			sourceTree = "<group>";
		};
		E556A7E01B55F89A007CFCF5 /* Supporting Files */ = {
			isa = PBXGroup;
			children = (
				E556A7E11B55F89A007CFCF5 /* Info.plist */,
			);
			name = "Supporting Files";
			sourceTree = "<group>";
		};
/* End PBXGroup section */

/* Begin PBXNativeTarget section */
		E556A7C21B55F89A007CFCF5 /* DeepBreathing */ = {
			isa = PBXNativeTarget;
			buildConfigurationList = E556A7E61B55F89A007CFCF5 /* Build configuration list for PBXNativeTarget "DeepBreathing" */;
			buildPhases = (
				E556A7BF1B55F89A007CFCF5 /* Sources */,
				E556A7C01B55F89A007CFCF5 /* Frameworks */,
				E556A7C11B55F89A007CFCF5 /* Resources */,
			);
			buildRules = (
			);
			dependencies = (
			);
			name = DeepBreathing;
			productName = DeepBreathing;
			productReference = E556A7C31B55F89A007CFCF5 /* DeepBreathing.app */;
			productType = "com.apple.product-type.application";
		};
		E556A7DB1B55F89A007CFCF5 /* DeepBreathingTests */ = {
			isa = PBXNativeTarget;
			buildConfigurationList = E556A7E91B55F89A007CFCF5 /* Build configuration list for PBXNativeTarget "DeepBreathingTests" */;
			buildPhases = (
				E556A7D81B55F89A007CFCF5 /* Sources */,
				E556A7D91B55F89A007CFCF5 /* Frameworks */,
				E556A7DA1B55F89A007CFCF5 /* Resources */,
			);
			buildRules = (
			);
			dependencies = (
				E556A7DE1B55F89A007CFCF5 /* PBXTargetDependency */,
			);
			name = DeepBreathingTests;
			productName = DeepBreathingTests;
			productReference = E556A7DC1B55F89A007CFCF5 /* DeepBreathingTests.xctest */;
			productType = "com.apple.product-type.bundle.unit-test";
		};
/* End PBXNativeTarget section */

/* Begin PBXProject section */
		E556A7BB1B55F89A007CFCF5 /* Project object */ = {
			isa = PBXProject;
			attributes = {
				LastUpgradeCheck = 0620;
				ORGANIZATIONNAME = DreamHack;
				TargetAttributes = {
					E556A7C21B55F89A007CFCF5 = {
						CreatedOnToolsVersion = 6.2;
					};
					E556A7DB1B55F89A007CFCF5 = {
						CreatedOnToolsVersion = 6.2;
						TestTargetID = E556A7C21B55F89A007CFCF5;
					};
				};
			};
			buildConfigurationList = E556A7BE1B55F89A007CFCF5 /* Build configuration list for PBXProject "DeepBreathing" */;
			compatibilityVersion = "Xcode 3.2";
			developmentRegion = English;
			hasScannedForEncodings = 0;
			knownRegions = (
				en,
				Base,
			);
			mainGroup = E556A7BA1B55F89A007CFCF5;
			productRefGroup = E556A7C41B55F89A007CFCF5 /* Products */;
			projectDirPath = "";
			projectRoot = "";
			targets = (
				E556A7C21B55F89A007CFCF5 /* DeepBreathing */,
				E556A7DB1B55F89A007CFCF5 /* DeepBreathingTests */,
			);
		};
/* End PBXProject section */

/* Begin PBXResourcesBuildPhase section */
		E556A7C11B55F89A007CFCF5 /* Resources */ = {
			isa = PBXResourcesBuildPhase;
			buildActionMask = 2147483647;
			files = (
				E556A7D21B55F89A007CFCF5 /* Main.storyboard in Resources */,
				E556A7D71B55F89A007CFCF5 /* LaunchScreen.xib in Resources */,
				E556A7D41B55F89A007CFCF5 /* Images.xcassets in Resources */,
			);
			runOnlyForDeploymentPostprocessing = 0;
		};
		E556A7DA1B55F89A007CFCF5 /* Resources */ = {
			isa = PBXResourcesBuildPhase;
			buildActionMask = 2147483647;
			files = (
			);
			runOnlyForDeploymentPostprocessing = 0;
		};
/* End PBXResourcesBuildPhase section */

/* Begin PBXSourcesBuildPhase section */
		E556A7BF1B55F89A007CFCF5 /* Sources */ = {
			isa = PBXSourcesBuildPhase;
			buildActionMask = 2147483647;
			files = (
				E556A7CF1B55F89A007CFCF5 /* ViewController.m in Sources */,
				E556A7CC1B55F89A007CFCF5 /* AppDelegate.m in Sources */,
				E556A7C91B55F89A007CFCF5 /* main.m in Sources */,
			);
			runOnlyForDeploymentPostprocessing = 0;
		};
		E556A7D81B55F89A007CFCF5 /* Sources */ = {
			isa = PBXSourcesBuildPhase;
			buildActionMask = 2147483647;
			files = (
				E556A7E31B55F89A007CFCF5 /* DeepBreathingTests.m in Sources */,
			);
			runOnlyForDeploymentPostprocessing = 0;
		};
/* End PBXSourcesBuildPhase section */

/* Begin PBXTargetDependency section */
		E556A7DE1B55F89A007CFCF5 /* PBXTargetDependency */ = {
			isa = PBXTargetDependency;
			target = E556A7C21B55F89A007CFCF5 /* DeepBreathing */;
			targetProxy = E556A7DD1B55F89A007CFCF5 /* PBXContainerItemProxy */;
		};
/* End PBXTargetDependency section */

/* Begin PBXVariantGroup section */
		E556A7D01B55F89A007CFCF5 /* Main.storyboard */ = {
			isa = PBXVariantGroup;
			children = (
				E556A7D11B55F89A007CFCF5 /* Base */,
			);
			name = Main.storyboard;
			sourceTree = "<group>";
		};
		E556A7D51B55F89A007CFCF5 /* LaunchScreen.xib */ = {
			isa = PBXVariantGroup;
			children = (
				E556A7D61B55F89A007CFCF5 /* Base */,
			);
			name = LaunchScreen.xib;
			sourceTree = "<group>";
		};
/* End PBXVariantGroup section */

/* Begin XCBuildConfiguration section */
		E556A7E41B55F89A007CFCF5 /* Debug */ = {
			isa = XCBuildConfiguration;
			buildSettings = {
				ALWAYS_SEARCH_USER_PATHS = NO;
				CLANG_CXX_LANGUAGE_STANDARD = "gnu++0x";
				CLANG_CXX_LIBRARY = "libc++";
				CLANG_ENABLE_MODULES = YES;
				CLANG_ENABLE_OBJC_ARC = YES;
				CLANG_WARN_BOOL_CONVERSION = YES;
				CLANG_WARN_CONSTANT_CONVERSION = YES;
				CLANG_WARN_DIRECT_OBJC_ISA_USAGE = YES_ERROR;
				CLANG_WARN_EMPTY_BODY = YES;
				CLANG_WARN_ENUM_CONVERSION = YES;
				CLANG_WARN_INT_CONVERSION = YES;
				CLANG_WARN_OBJC_ROOT_CLASS = YES_ERROR;
				CLANG_WARN_UNREACHABLE_CODE = YES;
				CLANG_WARN__DUPLICATE_METHOD_MATCH = YES;
				"CODE_SIGN_IDENTITY[sdk=iphoneos*]" = "iPhone Developer";
				COPY_PHASE_STRIP = NO;
				ENABLE_STRICT_OBJC_MSGSEND = YES;
				GCC_C_LANGUAGE_STANDARD = gnu99;
				GCC_DYNAMIC_NO_PIC = NO;
				GCC_OPTIMIZATION_LEVEL = 0;
				GCC_PREPROCESSOR_DEFINITIONS = (
					"DEBUG=1",
					"$(inherited)",
				);
				GCC_SYMBOLS_PRIVATE_EXTERN = NO;
				GCC_WARN_64_TO_32_BIT_CONVERSION = YES;
				GCC_WARN_ABOUT_RETURN_TYPE = YES_ERROR;
				GCC_WARN_UNDECLARED_SELECTOR = YES;
				GCC_WARN_UNINITIALIZED_AUTOS = YES_AGGRESSIVE;
				GCC_WARN_UNUSED_FUNCTION = YES;
				GCC_WARN_UNUSED_VARIABLE = YES;
				IPHONEOS_DEPLOYMENT_TARGET = 8.2;
				MTL_ENABLE_DEBUG_INFO = YES;
				ONLY_ACTIVE_ARCH = YES;
				SDKROOT = iphoneos;
			};
			name = Debug;
		};
		E556A7E51B55F89A007CFCF5 /* Release */ = {
			isa = XCBuildConfiguration;
			buildSettings = {
				ALWAYS_SEARCH_USER_PATHS = NO;
				CLANG_CXX_LANGUAGE_STANDARD = "gnu++0x";
				CLANG_CXX_LIBRARY = "libc++";
				CLANG_ENABLE_MODULES = YES;
				CLANG_ENABLE_OBJC_ARC = YES;
				CLANG_WARN_BOOL_CONVERSION = YES;
				CLANG_WARN_CONSTANT_CONVERSION = YES;
				CLANG_WARN_DIRECT_OBJC_ISA_USAGE = YES_ERROR;
				CLANG_WARN_EMPTY_BODY = YES;
				CLANG_WARN_ENUM_CONVERSION = YES;
				CLANG_WARN_INT_CONVERSION = YES;
				CLANG_WARN_OBJC_ROOT_CLASS = YES_ERROR;
				CLANG_WARN_UNREACHABLE_CODE = YES;
				CLANG_WARN__DUPLICATE_METHOD_MATCH = YES;
				"CODE_SIGN_IDENTITY[sdk=iphoneos*]" = "iPhone Developer";
				COPY_PHASE_STRIP = NO;
				ENABLE_NS_ASSERTIONS = NO;
				ENABLE_STRICT_OBJC_MSGSEND = YES;
				GCC_C_LANGUAGE_STANDARD = gnu99;
				GCC_WARN_64_TO_32_BIT_CONVERSION = YES;
				GCC_WARN_ABOUT_RETURN_TYPE = YES_ERROR;
				GCC_WARN_UNDECLARED_SELECTOR = YES;
				GCC_WARN_UNINITIALIZED_AUTOS = YES_AGGRESSIVE;
				GCC_WARN_UNUSED_FUNCTION = YES;
				GCC_WARN_UNUSED_VARIABLE = YES;
				IPHONEOS_DEPLOYMENT_TARGET = 8.2;
				MTL_ENABLE_DEBUG_INFO = NO;
				SDKROOT = iphoneos;
				VALIDATE_PRODUCT = YES;
			};
			name = Release;
		};
		E556A7E71B55F89A007CFCF5 /* Debug */ = {
			isa = XCBuildConfiguration;
			buildSettings = {
				ASSETCATALOG_COMPILER_APPICON_NAME = AppIcon;
				INFOPLIST_FILE = DeepBreathing/Info.plist;
				LD_RUNPATH_SEARCH_PATHS = "$(inherited) @executable_path/Frameworks";
				PRODUCT_NAME = "$(TARGET_NAME)";
			};
			name = Debug;
		};
		E556A7E81B55F89A007CFCF5 /* Release */ = {
			isa = XCBuildConfiguration;
			buildSettings = {
				ASSETCATALOG_COMPILER_APPICON_NAME = AppIcon;
				INFOPLIST_FILE = DeepBreathing/Info.plist;
				LD_RUNPATH_SEARCH_PATHS = "$(inherited) @executable_path/Frameworks";
				PRODUCT_NAME = "$(TARGET_NAME)";
			};
			name = Release;
		};
		E556A7EA1B55F89A007CFCF5 /* Debug */ = {
			isa = XCBuildConfiguration;
			buildSettings = {
				BUNDLE_LOADER = "$(TEST_HOST)";
				FRAMEWORK_SEARCH_PATHS = (
					"$(SDKROOT)/Developer/Library/Frameworks",
					"$(inherited)",
				);
				GCC_PREPROCESSOR_DEFINITIONS = (
					"DEBUG=1",
					"$(inherited)",
				);
				INFOPLIST_FILE = DeepBreathingTests/Info.plist;
				LD_RUNPATH_SEARCH_PATHS = "$(inherited) @executable_path/Frameworks @loader_path/Frameworks";
				PRODUCT_NAME = "$(TARGET_NAME)";
				TEST_HOST = "$(BUILT_PRODUCTS_DIR)/DeepBreathing.app/DeepBreathing";
			};
			name = Debug;
		};
		E556A7EB1B55F89A007CFCF5 /* Release */ = {
			isa = XCBuildConfiguration;
			buildSettings = {
				BUNDLE_LOADER = "$(TEST_HOST)";
				FRAMEWORK_SEARCH_PATHS = (
					"$(SDKROOT)/Developer/Library/Frameworks",
					"$(inherited)",
				);
				INFOPLIST_FILE = DeepBreathingTests/Info.plist;
				LD_RUNPATH_SEARCH_PATHS = "$(inherited) @executable_path/Frameworks @loader_path/Frameworks";
				PRODUCT_NAME = "$(TARGET_NAME)";
				TEST_HOST = "$(BUILT_PRODUCTS_DIR)/DeepBreathing.app/DeepBreathing";
			};
			name = Release;
		};
/* End XCBuildConfiguration section */

/* Begin XCConfigurationList section */
		E556A7BE1B55F89A007CFCF5 /* Build configuration list for PBXProject "DeepBreathing" */ = {
			isa = XCConfigurationList;
			buildConfigurations = (
				E556A7E41B55F89A007CFCF5 /* Debug */,
				E556A7E51B55F89A007CFCF5 /* Release */,
			);
			defaultConfigurationIsVisible = 0;
			defaultConfigurationName = Release;
		};
		E556A7E61B55F89A007CFCF5 /* Build configuration list for PBXNativeTarget "DeepBreathing" */ = {
			isa = XCConfigurationList;
			buildConfigurations = (
				E556A7E71B55F89A007CFCF5 /* Debug */,
				E556A7E81B55F89A007CFCF5 /* Release */,
			);
			defaultConfigurationIsVisible = 0;
		};
		E556A7E91B55F89A007CFCF5 /* Build configuration list for PBXNativeTarget "DeepBreathingTests" */ = {
			isa = XCConfigurationList;
			buildConfigurations = (
				E556A7EA1B55F89A007CFCF5 /* Debug */,
				E556A7EB1B55F89A007CFCF5 /* Release */,
			);
			defaultConfigurationIsVisible = 0;
		};
/* End XCConfigurationList section */
	};
	rootObject = E556A7BB1B55F89A007CFCF5 /* Project object */;
}
